
Microsoft Visual Studio Solution File, Format Version 12.00
# Visual Studio Version 16
VisualStudioVersion = 16.0.29503.13
MinimumVisualStudioVersion = 10.0.40219.1
Project("{FAE04EC0-301F-11D3-BF4B-00C04F79EFBC}") = "TRMDataManager", "TRMDataManager\TRMDataManager.csproj", "{4E402EE5-7B42-4F2D-ABC9-6729C890A576}"
EndProject
Project("{00D1A9C2-B5F0-4AF3-8072-F6C62B433612}") = "TRMData", "TRMData\TRMData.sqlproj", "{5BC39E15-E08A-4117-A817-0095545204CE}"
EndProject
Global
	GlobalSection(SolutionConfigurationPlatforms) = preSolution
		Debug|Any CPU = Debug|Any CPU
		Release|Any CPU = Release|Any CPU
	EndGlobalSection
	GlobalSection(ProjectConfigurationPlatforms) = postSolution
		{4E402EE5-7B42-4F2D-ABC9-6729C890A576}.Debug|Any CPU.ActiveCfg = Debug|Any CPU
		{4E402EE5-7B42-4F2D-ABC9-6729C890A576}.Debug|Any CPU.Build.0 = Debug|Any CPU
		{4E402EE5-7B42-4F2D-ABC9-6729C890A576}.Release|Any CPU.ActiveCfg = Release|Any CPU
		{4E402EE5-7B42-4F2D-ABC9-6729C890A576}.Release|Any CPU.Build.0 = Release|Any CPU
		{5BC39E15-E08A-4117-A817-0095545204CE}.Debug|Any CPU.ActiveCfg = Debug|Any CPU
		{5BC39E15-E08A-4117-A817-0095545204CE}.Debug|Any CPU.Build.0 = Debug|Any CPU
		{5BC39E15-E08A-4117-A817-0095545204CE}.Debug|Any CPU.Deploy.0 = Debug|Any CPU
		{5BC39E15-E08A-4117-A817-0095545204CE}.Release|Any CPU.ActiveCfg = Release|Any CPU
		{5BC39E15-E08A-4117-A817-0095545204CE}.Release|Any CPU.Build.0 = Release|Any CPU
		{5BC39E15-E08A-4117-A817-0095545204CE}.Release|Any CPU.Deploy.0 = Release|Any CPU
	EndGlobalSection
	GlobalSection(SolutionProperties) = preSolution
		HideSolutionNode = FALSE
	EndGlobalSection
	GlobalSection(ExtensibilityGlobals) = postSolution
		SolutionGuid = {484E13EC-5F6F-435A-8634-D62597F74238}
	EndGlobalSection
EndGlobal
